
Microsoft Visual Studio Solution File, Format Version 12.00
# Visual Studio 14
VisualStudioVersion = 14.0.23107.0
MinimumVisualStudioVersion = 10.0.40219.1
Project("{FAE04EC0-301F-11D3-BF4B-00C04F79EFBC}") = "HelloGame.Client", "HelloGame\HelloGame.Client.csproj", "{3F6231A9-4F14-4DAC-907F-7535E362D22D}"
EndProject
Project("{FAE04EC0-301F-11D3-BF4B-00C04F79EFBC}") = "HelloGame.Tests", "HelloGame.Tests\HelloGame.Tests.csproj", "{1296FEEE-6002-4A66-8DDE-A3761902E424}"
EndProject
Project("{FAE04EC0-301F-11D3-BF4B-00C04F79EFBC}") = "HelloGame.Server", "HelloGame.Server\HelloGame.Server.csproj", "{E9939856-2755-47A2-9C34-C002BF587E06}"
EndProject
Project("{FAE04EC0-301F-11D3-BF4B-00C04F79EFBC}") = "HelloGame.Common", "HelloGame.Common\HelloGame.Common.csproj", "{BAE7AFBF-E6A6-4E31-ADBB-406F23798764}"
EndProject
Global
	GlobalSection(SolutionConfigurationPlatforms) = preSolution
		Debug|Any CPU = Debug|Any CPU
		Release|Any CPU = Release|Any CPU
	EndGlobalSection
	GlobalSection(ProjectConfigurationPlatforms) = postSolution
		{3F6231A9-4F14-4DAC-907F-7535E362D22D}.Debug|Any CPU.ActiveCfg = Debug|Any CPU
		{3F6231A9-4F14-4DAC-907F-7535E362D22D}.Debug|Any CPU.Build.0 = Debug|Any CPU
		{3F6231A9-4F14-4DAC-907F-7535E362D22D}.Release|Any CPU.ActiveCfg = Release|Any CPU
		{3F6231A9-4F14-4DAC-907F-7535E362D22D}.Release|Any CPU.Build.0 = Release|Any CPU
		{1296FEEE-6002-4A66-8DDE-A3761902E424}.Debug|Any CPU.ActiveCfg = Debug|Any CPU
		{1296FEEE-6002-4A66-8DDE-A3761902E424}.Debug|Any CPU.Build.0 = Debug|Any CPU
		{1296FEEE-6002-4A66-8DDE-A3761902E424}.Release|Any CPU.ActiveCfg = Release|Any CPU
		{1296FEEE-6002-4A66-8DDE-A3761902E424}.Release|Any CPU.Build.0 = Release|Any CPU
		{E9939856-2755-47A2-9C34-C002BF587E06}.Debug|Any CPU.ActiveCfg = Debug|Any CPU
		{E9939856-2755-47A2-9C34-C002BF587E06}.Debug|Any CPU.Build.0 = Debug|Any CPU
		{E9939856-2755-47A2-9C34-C002BF587E06}.Release|Any CPU.ActiveCfg = Release|Any CPU
		{E9939856-2755-47A2-9C34-C002BF587E06}.Release|Any CPU.Build.0 = Release|Any CPU
		{BAE7AFBF-E6A6-4E31-ADBB-406F23798764}.Debug|Any CPU.ActiveCfg = Debug|Any CPU
		{BAE7AFBF-E6A6-4E31-ADBB-406F23798764}.Debug|Any CPU.Build.0 = Debug|Any CPU
		{BAE7AFBF-E6A6-4E31-ADBB-406F23798764}.Release|Any CPU.ActiveCfg = Release|Any CPU
		{BAE7AFBF-E6A6-4E31-ADBB-406F23798764}.Release|Any CPU.Build.0 = Release|Any CPU
	EndGlobalSection
	GlobalSection(SolutionProperties) = preSolution
		HideSolutionNode = FALSE
	EndGlobalSection
EndGlobal
