
Microsoft Visual Studio Solution File, Format Version 12.00
# Visual Studio 14
VisualStudioVersion = 14.0.23107.0
MinimumVisualStudioVersion = 10.0.40219.1
Project("{FAE04EC0-301F-11D3-BF4B-00C04F79EFBC}") = "HelloGame", "HelloGame\HelloGame.csproj", "{3F6231A9-4F14-4DAC-907F-7535E362D22D}"
EndProject
Project("{FAE04EC0-301F-11D3-BF4B-00C04F79EFBC}") = "HelloGame.Tests", "HelloGame.Tests\HelloGame.Tests.csproj", "{1296FEEE-6002-4A66-8DDE-A3761902E424}"
EndProject
Global
	GlobalSection(SolutionConfigurationPlatforms) = preSolution
		Debug|Any CPU = Debug|Any CPU
		Release|Any CPU = Release|Any CPU
	EndGlobalSection
	GlobalSection(ProjectConfigurationPlatforms) = postSolution
		{3F6231A9-4F14-4DAC-907F-7535E362D22D}.Debug|Any CPU.ActiveCfg = Debug|Any CPU
		{3F6231A9-4F14-4DAC-907F-7535E362D22D}.Debug|Any CPU.Build.0 = Debug|Any CPU
		{3F6231A9-4F14-4DAC-907F-7535E362D22D}.Release|Any CPU.ActiveCfg = Release|Any CPU
		{3F6231A9-4F14-4DAC-907F-7535E362D22D}.Release|Any CPU.Build.0 = Release|Any CPU
		{1296FEEE-6002-4A66-8DDE-A3761902E424}.Debug|Any CPU.ActiveCfg = Debug|Any CPU
		{1296FEEE-6002-4A66-8DDE-A3761902E424}.Debug|Any CPU.Build.0 = Debug|Any CPU
		{1296FEEE-6002-4A66-8DDE-A3761902E424}.Release|Any CPU.ActiveCfg = Release|Any CPU
		{1296FEEE-6002-4A66-8DDE-A3761902E424}.Release|Any CPU.Build.0 = Release|Any CPU
	EndGlobalSection
	GlobalSection(SolutionProperties) = preSolution
		HideSolutionNode = FALSE
	EndGlobalSection
EndGlobal
